
Microsoft Visual Studio Solution File, Format Version 12.00
# Visual Studio 15
VisualStudioVersion = 15.0.27703.2035
MinimumVisualStudioVersion = 10.0.40219.1
Project("{FAE04EC0-301F-11D3-BF4B-00C04F79EFBC}") = "try2", "try2\try2.csproj", "{FD7E5432-1B07-4F23-A042-113B07832425}"
EndProject
Global
	GlobalSection(SolutionConfigurationPlatforms) = preSolution
		Debug|Any CPU = Debug|Any CPU
		Release|Any CPU = Release|Any CPU
	EndGlobalSection
	GlobalSection(ProjectConfigurationPlatforms) = postSolution
		{FD7E5432-1B07-4F23-A042-113B07832425}.Debug|Any CPU.ActiveCfg = Debug|Any CPU
		{FD7E5432-1B07-4F23-A042-113B07832425}.Debug|Any CPU.Build.0 = Debug|Any CPU
		{FD7E5432-1B07-4F23-A042-113B07832425}.Release|Any CPU.ActiveCfg = Release|Any CPU
		{FD7E5432-1B07-4F23-A042-113B07832425}.Release|Any CPU.Build.0 = Release|Any CPU
	EndGlobalSection
	GlobalSection(SolutionProperties) = preSolution
		HideSolutionNode = FALSE
	EndGlobalSection
	GlobalSection(ExtensibilityGlobals) = postSolution
		SolutionGuid = {3B81CD76-0F08-4B74-B213-1CAA898CF6FB}
	EndGlobalSection
EndGlobal
